
Microsoft Visual Studio Solution File, Format Version 12.00
# Visual Studio Version 17
VisualStudioVersion = 17.7.34221.43
MinimumVisualStudioVersion = 10.0.40219.1
Project("{FAE04EC0-301F-11D3-BF4B-00C04F79EFBC}") = "kosarHospital", "kosarHospital.csproj", "{6E018C3C-52E5-44BB-8DAB-B28D69A4D082}"
EndProject
Global
	GlobalSection(SolutionConfigurationPlatforms) = preSolution
		Debug|Any CPU = Debug|Any CPU
		Release|Any CPU = Release|Any CPU
	EndGlobalSection
	GlobalSection(ProjectConfigurationPlatforms) = postSolution
		{6E018C3C-52E5-44BB-8DAB-B28D69A4D082}.Debug|Any CPU.ActiveCfg = Debug|Any CPU
		{6E018C3C-52E5-44BB-8DAB-B28D69A4D082}.Debug|Any CPU.Build.0 = Debug|Any CPU
		{6E018C3C-52E5-44BB-8DAB-B28D69A4D082}.Release|Any CPU.ActiveCfg = Release|Any CPU
		{6E018C3C-52E5-44BB-8DAB-B28D69A4D082}.Release|Any CPU.Build.0 = Release|Any CPU
	EndGlobalSection
	GlobalSection(SolutionProperties) = preSolution
		HideSolutionNode = FALSE
	EndGlobalSection
	GlobalSection(ExtensibilityGlobals) = postSolution
		SolutionGuid = {DC9955F9-1BA1-417A-BE7F-E9C2F5062B0B}
	EndGlobalSection
EndGlobal
